
Microsoft Visual Studio Solution File, Format Version 12.00
# Visual Studio Version 17
VisualStudioVersion = 17.14.36705.20
MinimumVisualStudioVersion = 10.0.40219.1
Project("{FAE04EC0-301F-11D3-BF4B-00C04F79EFBC}") = "EMarket", "EMarket.csproj", "{532F243F-8146-436C-99FB-0C6B3DB55FC7}"
EndProject
Global
	GlobalSection(SolutionConfigurationPlatforms) = preSolution
		Debug|Any CPU = Debug|Any CPU
		Release|Any CPU = Release|Any CPU
	EndGlobalSection
	GlobalSection(ProjectConfigurationPlatforms) = postSolution
		{532F243F-8146-436C-99FB-0C6B3DB55FC7}.Debug|Any CPU.ActiveCfg = Debug|Any CPU
		{532F243F-8146-436C-99FB-0C6B3DB55FC7}.Debug|Any CPU.Build.0 = Debug|Any CPU
		{532F243F-8146-436C-99FB-0C6B3DB55FC7}.Release|Any CPU.ActiveCfg = Release|Any CPU
		{532F243F-8146-436C-99FB-0C6B3DB55FC7}.Release|Any CPU.Build.0 = Release|Any CPU
	EndGlobalSection
	GlobalSection(SolutionProperties) = preSolution
		HideSolutionNode = FALSE
	EndGlobalSection
	GlobalSection(ExtensibilityGlobals) = postSolution
		SolutionGuid = {F3B7ADAA-ABA1-4FF2-9921-0A9B00B43E91}
	EndGlobalSection
EndGlobal
